{
    "behat/transliterator": {
        "version": "v1.2.0"
    },
    "cocur/slugify": {
        "version": "v2.0"
    },
    "doctrine/annotations": {
        "version": "1.0",
        "recipe": {
            "repo": "github.com/symfony/recipes",
            "branch": "master",
            "version": "1.0",
            "ref": "cb4152ebcadbe620ea2261da1a1c5a9b8cea7672"
        }
    },
    "doctrine/cache": {
        "version": "v1.7.1"
    },
    "doctrine/collections": {
        "version": "v1.5.0"
    },
    "doctrine/common": {
        "version": "v2.8.1"
    },
    "doctrine/dbal": {
        "version": "v2.6.3"
    },
    "doctrine/doctrine-bundle": {
        "version": "1.6",
        "recipe": {
            "repo": "github.com/symfony/recipes",
            "branch": "master",
            "version": "1.6",
            "ref": "44d3aa7752dd46f77ba11af2297a25e1dedfb4d0"
        }
    },
    "doctrine/doctrine-cache-bundle": {
        "version": "1.3.2"
    },
    "doctrine/inflector": {
        "version": "v1.3.0"
    },
    "doctrine/instantiator": {
        "version": "1.1.0"
    },
    "doctrine/lexer": {
        "version": "v1.0.1"
    },
    "doctrine/orm": {
        "version": "v2.6.0"
    },
    "egulias/email-validator": {
        "version": "2.1.3"
    },
    "elasticsearch/elasticsearch": {
        "version": "v6.0.0"
    },
    "fig/link-util": {
        "version": "1.0.0"
    },
    "friendsofsymfony/elastica-bundle": {
        "version": "5.0",
        "recipe": {
            "repo": "github.com/symfony/recipes-contrib",
            "branch": "master",
            "version": "5.0",
            "ref": "3f73f240ee0c3719e89f1c994ce66904e2ef84f6"
        }
    },
    "gedmo/doctrine-extensions": {
        "version": "v2.4.33"
    },
    "guzzlehttp/ringphp": {
        "version": "1.1.0"
    },
    "guzzlehttp/streams": {
        "version": "3.0.0"
    },
    "jdorn/sql-formatter": {
        "version": "v1.2.17"
    },
    "jms/metadata": {
        "version": "1.6.0"
    },
    "knplabs/knp-menu": {
        "version": "2.3.0"
    },
    "knplabs/knp-menu-bundle": {
        "version": "v2.2.1"
    },
    "monolog/monolog": {
        "version": "1.23.0"
    },
    "mopa/bootstrap-bundle": {
        "version": "v3.2.2"
    },
    "mopa/composer-bridge": {
        "version": "v1.5.0"
    },
    "ninsuo/symfony-collection": {
        "version": "2.1.24"
    },
    "pagerfanta/pagerfanta": {
        "version": "v1.0.5"
    },
    "php-ai/php-ml": {
        "version": "0.5.0"
    },
    "psr/cache": {
        "version": "1.0.1"
    },
    "psr/container": {
        "version": "1.0.0"
    },
    "psr/link": {
        "version": "1.0.0"
    },
    "psr/log": {
        "version": "1.0.2"
    },
    "psr/simple-cache": {
        "version": "1.0.0"
    },
    "react/promise": {
        "version": "v2.5.1"
    },
    "ruflin/elastica": {
        "version": "6.0.0"
    },
    "sensio/framework-extra-bundle": {
        "version": "v3.0.27"
    },
    "sonata-project/admin-bundle": {
        "version": "3.30.1"
    },
    "sonata-project/block-bundle": {
        "version": "3.9.2"
    },
    "sonata-project/cache": {
        "version": "2.0.1"
    },
    "sonata-project/core-bundle": {
        "version": "3.9",
        "recipe": {
            "repo": "github.com/symfony/recipes-contrib",
            "branch": "master",
            "version": "3.9",
            "ref": "7825e0ae450326657a982aebbce565aba8dc223e"
        }
    },
    "sonata-project/datagrid-bundle": {
        "version": "2.3.1"
    },
    "sonata-project/doctrine-orm-admin-bundle": {
        "version": "3.3.0"
    },
    "sonata-project/exporter": {
        "version": "1.8.0"
    },
    "swiftmailer/swiftmailer": {
        "version": "v6.0.2"
    },
    "symfony/class-loader": {
        "version": "v3.4.3"
    },
    "symfony/dom-crawler": {
        "version": "v3.4.3"
    },
    "symfony/flex": {
        "version": "1.0",
        "recipe": {
            "repo": "github.com/symfony/recipes",
            "branch": "master",
            "version": "1.0",
            "ref": "cc1afd81841db36fbef982fe56b48ade6716fac4"
        }
    },
    "symfony/monolog-bundle": {
        "version": "3.1",
        "recipe": {
            "repo": "github.com/symfony/recipes",
            "branch": "master",
            "version": "3.1",
            "ref": "371d1a2b69984710646b09a1182ef1d4308c904f"
        }
    },
    "symfony/phpunit-bridge": {
        "version": "3.3",
        "recipe": {
            "repo": "github.com/symfony/recipes",
            "branch": "master",
            "version": "3.3",
            "ref": "179470cb6492db92dffee208cfdb436f175c93b4"
        }
    },
    "symfony/polyfill-apcu": {
        "version": "v1.6.0"
    },
    "symfony/polyfill-intl-icu": {
        "version": "v1.6.0"
    },
    "symfony/polyfill-mbstring": {
        "version": "v1.6.0"
    },
    "symfony/polyfill-php72": {
        "version": "v1.6.0"
    },
    "symfony/security-acl": {
        "version": "v3.0.1"
    },
    "symfony/swiftmailer-bundle": {
        "version": "2.5",
        "recipe": {
            "repo": "github.com/symfony/recipes",
            "branch": "master",
            "version": "2.5",
            "ref": "8daf8ede72274989fb0dc66b83cb4bc1693afbb9"
        }
    },
    "symfony/symfony": {
        "version": "v4.0.3"
    },
    "twbs/bootstrap": {
        "version": "v3.3.7"
    },
    "twig/extensions": {
        "version": "1.0",
        "recipe": {
            "repo": "github.com/symfony/recipes",
            "branch": "master",
            "version": "1.0",
            "ref": "4851df0afc426b8f07204379d21fca25b6df5d68"
        }
    },
    "twig/twig": {
        "version": "v2.4.4"
    },
    "vich/uploader-bundle": {
        "version": "1.5",
        "recipe": {
            "repo": "github.com/symfony/recipes-contrib",
            "branch": "master",
            "version": "1.5",
            "ref": "c4f5755b37fb65b9c6a3cbdae91205c15a137ed4"
        }
    }
}
